
Microsoft Visual Studio Solution File, Format Version 12.00
# Visual Studio Version 17
VisualStudioVersion = 17.7.34003.232
MinimumVisualStudioVersion = 10.0.40219.1
Project("{9A19103F-16F7-4668-BE54-9A1E7A4F7556}") = "scripts", "scripts.csproj", "{FDEB9DFE-2CC5-4767-8642-01C465C4A129}"
EndProject
Project("{FAE04EC0-301F-11D3-BF4B-00C04F79EFBC}") = "RtspDemo", "..\RtspDemo\RtspDemo.csproj", "{F82F5CE5-B623-420D-9770-0BC160305932}"
EndProject
Project("{FAE04EC0-301F-11D3-BF4B-00C04F79EFBC}") = "UnitTests", "..\UnitTests\UnitTests.csproj", "{ED9C0234-8C30-49FA-BC37-1F0F0AA3960A}"
EndProject
Global
	GlobalSection(SolutionConfigurationPlatforms) = preSolution
		Debug|Any CPU = Debug|Any CPU
		Release|Any CPU = Release|Any CPU
	EndGlobalSection
	GlobalSection(ProjectConfigurationPlatforms) = postSolution
		{FDEB9DFE-2CC5-4767-8642-01C465C4A129}.Debug|Any CPU.ActiveCfg = Debug|Any CPU
		{FDEB9DFE-2CC5-4767-8642-01C465C4A129}.Debug|Any CPU.Build.0 = Debug|Any CPU
		{FDEB9DFE-2CC5-4767-8642-01C465C4A129}.Release|Any CPU.ActiveCfg = Release|Any CPU
		{FDEB9DFE-2CC5-4767-8642-01C465C4A129}.Release|Any CPU.Build.0 = Release|Any CPU
		{F82F5CE5-B623-420D-9770-0BC160305932}.Debug|Any CPU.ActiveCfg = Debug|Any CPU
		{F82F5CE5-B623-420D-9770-0BC160305932}.Debug|Any CPU.Build.0 = Debug|Any CPU
		{F82F5CE5-B623-420D-9770-0BC160305932}.Release|Any CPU.ActiveCfg = Release|Any CPU
		{F82F5CE5-B623-420D-9770-0BC160305932}.Release|Any CPU.Build.0 = Release|Any CPU
		{ED9C0234-8C30-49FA-BC37-1F0F0AA3960A}.Debug|Any CPU.ActiveCfg = Debug|Any CPU
		{ED9C0234-8C30-49FA-BC37-1F0F0AA3960A}.Debug|Any CPU.Build.0 = Debug|Any CPU
		{ED9C0234-8C30-49FA-BC37-1F0F0AA3960A}.Release|Any CPU.ActiveCfg = Release|Any CPU
		{ED9C0234-8C30-49FA-BC37-1F0F0AA3960A}.Release|Any CPU.Build.0 = Release|Any CPU
	EndGlobalSection
	GlobalSection(SolutionProperties) = preSolution
		HideSolutionNode = FALSE
	EndGlobalSection
	GlobalSection(ExtensibilityGlobals) = postSolution
		SolutionGuid = {37C580F6-BDBD-4E83-8821-2795229CA518}
	EndGlobalSection
EndGlobal
